hash: 51255345e8d9131679e24cbe124714a9953312272fde5d030643881cebb2cbf3
updated: 2018-02-21T11:42:00.701519937+03:00
imports:
- name: github.com/antchfx/xpath
  version: 3468085e490184bdba681e006b2b3c1baa54b564
- name: github.com/antchfx/xquery
  version: d4ffaa903cebf0338c2ad8c5f10e2fd75213d0f3
  subpackages:
  - html
- name: golang.org/x/net
  version: f2499483f923065a842d38eb4c7f1927e6fc6e6d
  subpackages:
  - html
  - html/atom
  - html/charset
- name: golang.org/x/text
  version: 4e4a3210bb54bb31f6ab2cdca2edcc0b50c420c1
  subpackages:
  - encoding
  - encoding/charmap
  - encoding/htmlindex
  - encoding/internal
  - encoding/internal/identifier
  - encoding/japanese
  - encoding/korean
  - encoding/simplifiedchinese
  - encoding/traditionalchinese
  - encoding/unicode
  - internal/tag
  - internal/utf8internal
  - language
  - runes
  - transform
testImports: []
